{
  "nodes": {
    "nixos-hardware": {
      "locked": {
        "lastModified": 1743167577,
        "narHash": "sha256-I09SrXIO0UdyBFfh0fxDq5WnCDg8XKmZ1HQbaXzMA1k=",
        "owner": "NixOS",
        "repo": "nixos-hardware",
        "rev": "0ed819e708af17bfc4bbc63ee080ef308a24aa42",
        "type": "github"
      },
      "original": {
        "owner": "NixOS",
        "ref": "master",
        "repo": "nixos-hardware",
        "type": "github"
      }
    },
    "nixpkgs": {
      "locked": {
        "lastModified": 1742889210,
        "narHash": "sha256-hw63HnwnqU3ZQfsMclLhMvOezpM7RSB0dMAtD5/sOiw=",
        "owner": "NixOS",
        "repo": "nixpkgs",
        "rev": "698214a32beb4f4c8e3942372c694f40848b360d",
        "type": "github"
      },
      "original": {
        "id": "nixpkgs",
        "ref": "nixos-unstable",
        "type": "indirect"
      }
    },
    "root": {
      "inputs": {
        "nixos-hardware": "nixos-hardware",
        "nixpkgs": "nixpkgs"
      }
    }
  },
  "root": "root",
  "version": 7
}
